
Microsoft Visual Studio Solution File, Format Version 12.00
# Visual Studio Version 17
VisualStudioVersion = 17.10.35027.167
MinimumVisualStudioVersion = 10.0.40219.1
Project("{8BC9CEB8-8B4A-11D0-8D11-00A0C91BC942}") = "ejercicio_41", "ejercicio_41\ejercicio_41.vcxproj", "{E49220FB-9683-4E22-A5FB-12C3E5AF152A}"
EndProject
Global
	GlobalSection(SolutionConfigurationPlatforms) = preSolution
		Debug|x64 = Debug|x64
		Debug|x86 = Debug|x86
		Release|x64 = Release|x64
		Release|x86 = Release|x86
	EndGlobalSection
	GlobalSection(ProjectConfigurationPlatforms) = postSolution
		{E49220FB-9683-4E22-A5FB-12C3E5AF152A}.Debug|x64.ActiveCfg = Debug|x64
		{E49220FB-9683-4E22-A5FB-12C3E5AF152A}.Debug|x64.Build.0 = Debug|x64
		{E49220FB-9683-4E22-A5FB-12C3E5AF152A}.Debug|x86.ActiveCfg = Debug|Win32
		{E49220FB-9683-4E22-A5FB-12C3E5AF152A}.Debug|x86.Build.0 = Debug|Win32
		{E49220FB-9683-4E22-A5FB-12C3E5AF152A}.Release|x64.ActiveCfg = Release|x64
		{E49220FB-9683-4E22-A5FB-12C3E5AF152A}.Release|x64.Build.0 = Release|x64
		{E49220FB-9683-4E22-A5FB-12C3E5AF152A}.Release|x86.ActiveCfg = Release|Win32
		{E49220FB-9683-4E22-A5FB-12C3E5AF152A}.Release|x86.Build.0 = Release|Win32
	EndGlobalSection
	GlobalSection(SolutionProperties) = preSolution
		HideSolutionNode = FALSE
	EndGlobalSection
	GlobalSection(ExtensibilityGlobals) = postSolution
		SolutionGuid = {0575F488-C834-40D9-8824-50671CB0D146}
	EndGlobalSection
EndGlobal
